
Microsoft Visual Studio Solution File, Format Version 12.00
# Visual Studio 15
VisualStudioVersion = 15.0.28306.52
MinimumVisualStudioVersion = 10.0.40219.1
Project("{FAE04EC0-301F-11D3-BF4B-00C04F79EFBC}") = "IQBotAPILibrary", "IQBotAPILibrary\IQBotAPILibrary.csproj", "{BB4ECA82-A274-4121-8EE8-1DACCA4CB8B7}"
EndProject
Project("{FAE04EC0-301F-11D3-BF4B-00C04F79EFBC}") = "ConsoleAppTests", "ConsoleAppTests\ConsoleAppTests.csproj", "{EC6EBEC5-37E3-4D17-9AC6-04BDF2481CDE}"
EndProject
Project("{FAE04EC0-301F-11D3-BF4B-00C04F79EFBC}") = "IQBot_Calls", "IQBot_Calls\IQBot_Calls.csproj", "{48D24603-8D19-49EE-B7FD-541981341F64}"
EndProject
Global
	GlobalSection(SolutionConfigurationPlatforms) = preSolution
		Debug|Any CPU = Debug|Any CPU
		Release|Any CPU = Release|Any CPU
	EndGlobalSection
	GlobalSection(ProjectConfigurationPlatforms) = postSolution
		{BB4ECA82-A274-4121-8EE8-1DACCA4CB8B7}.Debug|Any CPU.ActiveCfg = Debug|Any CPU
		{BB4ECA82-A274-4121-8EE8-1DACCA4CB8B7}.Debug|Any CPU.Build.0 = Debug|Any CPU
		{BB4ECA82-A274-4121-8EE8-1DACCA4CB8B7}.Release|Any CPU.ActiveCfg = Release|Any CPU
		{BB4ECA82-A274-4121-8EE8-1DACCA4CB8B7}.Release|Any CPU.Build.0 = Release|Any CPU
		{EC6EBEC5-37E3-4D17-9AC6-04BDF2481CDE}.Debug|Any CPU.ActiveCfg = Debug|Any CPU
		{EC6EBEC5-37E3-4D17-9AC6-04BDF2481CDE}.Debug|Any CPU.Build.0 = Debug|Any CPU
		{EC6EBEC5-37E3-4D17-9AC6-04BDF2481CDE}.Release|Any CPU.ActiveCfg = Release|Any CPU
		{EC6EBEC5-37E3-4D17-9AC6-04BDF2481CDE}.Release|Any CPU.Build.0 = Release|Any CPU
		{48D24603-8D19-49EE-B7FD-541981341F64}.Debug|Any CPU.ActiveCfg = Debug|Any CPU
		{48D24603-8D19-49EE-B7FD-541981341F64}.Debug|Any CPU.Build.0 = Debug|Any CPU
		{48D24603-8D19-49EE-B7FD-541981341F64}.Release|Any CPU.ActiveCfg = Release|Any CPU
		{48D24603-8D19-49EE-B7FD-541981341F64}.Release|Any CPU.Build.0 = Release|Any CPU
	EndGlobalSection
	GlobalSection(SolutionProperties) = preSolution
		HideSolutionNode = FALSE
	EndGlobalSection
	GlobalSection(ExtensibilityGlobals) = postSolution
		SolutionGuid = {285D3B40-C128-4F17-8E76-C641CD56F8B5}
	EndGlobalSection
EndGlobal
